
Microsoft Visual Studio Solution File, Format Version 12.00
# Visual Studio Version 17
VisualStudioVersion = 17.5.002.0
MinimumVisualStudioVersion = 10.0.40219.1
Project("{2150E333-8FDC-42A3-9474-1A3956D46DE8}") = "src", "src", "{34128EFD-C579-4317-88C1-172380F5F0F5}"
EndProject
Project("{9A19103F-16F7-4668-BE54-9A1E7A4F7556}") = "AcademicPlanner.Api", "src\AcademicPlanner.Api\AcademicPlanner.Api.csproj", "{95B5ABF0-CA70-43DF-B6BD-A889E4F45702}"
EndProject
Global
	GlobalSection(SolutionConfigurationPlatforms) = preSolution
		Debug|Any CPU = Debug|Any CPU
		Release|Any CPU = Release|Any CPU
	EndGlobalSection
	GlobalSection(ProjectConfigurationPlatforms) = postSolution
		{95B5ABF0-CA70-43DF-B6BD-A889E4F45702}.Debug|Any CPU.ActiveCfg = Debug|Any CPU
		{95B5ABF0-CA70-43DF-B6BD-A889E4F45702}.Debug|Any CPU.Build.0 = Debug|Any CPU
		{95B5ABF0-CA70-43DF-B6BD-A889E4F45702}.Release|Any CPU.ActiveCfg = Release|Any CPU
		{95B5ABF0-CA70-43DF-B6BD-A889E4F45702}.Release|Any CPU.Build.0 = Release|Any CPU
	EndGlobalSection
	GlobalSection(SolutionProperties) = preSolution
		HideSolutionNode = FALSE
	EndGlobalSection
	GlobalSection(NestedProjects) = preSolution
		{95B5ABF0-CA70-43DF-B6BD-A889E4F45702} = {34128EFD-C579-4317-88C1-172380F5F0F5}
	EndGlobalSection
	GlobalSection(ExtensibilityGlobals) = postSolution
		SolutionGuid = {FA73AA08-F853-4BF4-B7CE-3ABCA067C66E}
	EndGlobalSection
EndGlobal
